{
  "nodes": {
    "blake3": {
      "flake": false,
      "locked": {
        "lastModified": 1640889253,
        "narHash": "sha256-xcvPyCWKWvb3G4PT2YycgsPjo4GcYSXGXsccfLQpX50=",
        "owner": "BLAKE3-team",
        "repo": "BLAKE3",
        "rev": "c7b5881928715429857d0b3e1bee7a4315cbf415",
        "type": "github"
      },
      "original": {
        "owner": "BLAKE3-team",
        "repo": "BLAKE3",
        "type": "github"
      }
    },
    "flake-utils": {
      "locked": {
        "lastModified": 1648297722,
        "narHash": "sha256-W+qlPsiZd8F3XkzXOzAoR+mpFqzm3ekQkJNa+PIh1BQ=",
        "owner": "numtide",
        "repo": "flake-utils",
        "rev": "0f8662f1319ad6abf89b3380dd2722369fc51ade",
        "type": "github"
      },
      "original": {
        "owner": "numtide",
        "repo": "flake-utils",
        "type": "github"
      }
    },
    "flake-utils_10": {
      "locked": {
        "lastModified": 1648297722,
        "narHash": "sha256-W+qlPsiZd8F3XkzXOzAoR+mpFqzm3ekQkJNa+PIh1BQ=",
        "owner": "numtide",
        "repo": "flake-utils",
        "rev": "0f8662f1319ad6abf89b3380dd2722369fc51ade",
        "type": "github"
      },
      "original": {
        "owner": "numtide",
        "repo": "flake-utils",
        "type": "github"
      }
    },
    "flake-utils_2": {
      "locked": {
        "lastModified": 1644229661,
        "narHash": "sha256-1YdnJAsNy69bpcjuoKdOYQX0YxZBiCYZo4Twxerqv7k=",
        "owner": "numtide",
        "repo": "flake-utils",
        "rev": "3cecb5b042f7f209c56ffd8371b2711a290ec797",
        "type": "github"
      },
      "original": {
        "owner": "numtide",
        "repo": "flake-utils",
        "type": "github"
      }
    },
    "flake-utils_3": {
      "locked": {
        "lastModified": 1638122382,
        "narHash": "sha256-sQzZzAbvKEqN9s0bzWuYmRaA03v40gaJ4+iL1LXjaeI=",
        "owner": "numtide",
        "repo": "flake-utils",
        "rev": "74f7e4319258e287b0f9cb95426c9853b282730b",
        "type": "github"
      },
      "original": {
        "owner": "numtide",
        "repo": "flake-utils",
        "type": "github"
      }
    },
    "flake-utils_4": {
      "locked": {
        "lastModified": 1648297722,
        "narHash": "sha256-W+qlPsiZd8F3XkzXOzAoR+mpFqzm3ekQkJNa+PIh1BQ=",
        "owner": "numtide",
        "repo": "flake-utils",
        "rev": "0f8662f1319ad6abf89b3380dd2722369fc51ade",
        "type": "github"
      },
      "original": {
        "owner": "numtide",
        "repo": "flake-utils",
        "type": "github"
      }
    },
    "flake-utils_5": {
      "locked": {
        "lastModified": 1644229661,
        "narHash": "sha256-1YdnJAsNy69bpcjuoKdOYQX0YxZBiCYZo4Twxerqv7k=",
        "owner": "numtide",
        "repo": "flake-utils",
        "rev": "3cecb5b042f7f209c56ffd8371b2711a290ec797",
        "type": "github"
      },
      "original": {
        "owner": "numtide",
        "repo": "flake-utils",
        "type": "github"
      }
    },
    "flake-utils_6": {
      "locked": {
        "lastModified": 1648297722,
        "narHash": "sha256-W+qlPsiZd8F3XkzXOzAoR+mpFqzm3ekQkJNa+PIh1BQ=",
        "owner": "numtide",
        "repo": "flake-utils",
        "rev": "0f8662f1319ad6abf89b3380dd2722369fc51ade",
        "type": "github"
      },
      "original": {
        "owner": "numtide",
        "repo": "flake-utils",
        "type": "github"
      }
    },
    "flake-utils_7": {
      "locked": {
        "lastModified": 1644229661,
        "narHash": "sha256-1YdnJAsNy69bpcjuoKdOYQX0YxZBiCYZo4Twxerqv7k=",
        "owner": "numtide",
        "repo": "flake-utils",
        "rev": "3cecb5b042f7f209c56ffd8371b2711a290ec797",
        "type": "github"
      },
      "original": {
        "owner": "numtide",
        "repo": "flake-utils",
        "type": "github"
      }
    },
    "flake-utils_8": {
      "locked": {
        "lastModified": 1648297722,
        "narHash": "sha256-W+qlPsiZd8F3XkzXOzAoR+mpFqzm3ekQkJNa+PIh1BQ=",
        "owner": "numtide",
        "repo": "flake-utils",
        "rev": "0f8662f1319ad6abf89b3380dd2722369fc51ade",
        "type": "github"
      },
      "original": {
        "owner": "numtide",
        "repo": "flake-utils",
        "type": "github"
      }
    },
    "flake-utils_9": {
      "locked": {
        "lastModified": 1631561581,
        "narHash": "sha256-3VQMV5zvxaVLvqqUrNz3iJelLw30mIVSfZmAaauM3dA=",
        "owner": "numtide",
        "repo": "flake-utils",
        "rev": "7e5bf3925f6fbdfaf50a2a7ca0be2879c4261d19",
        "type": "github"
      },
      "original": {
        "owner": "numtide",
        "repo": "flake-utils",
        "type": "github"
      }
    },
    "lean": {
      "inputs": {
        "flake-utils": "flake-utils_2",
        "lean-stage0": "lean-stage0",
        "lean4-mode": "lean4-mode",
        "nix": "nix",
        "nixpkgs": "nixpkgs_2",
        "temci": "temci"
      },
      "locked": {
        "lastModified": 1648817598,
        "narHash": "sha256-n3o4goP4aqnICAf12H0EnFTk5Too7eAIErcBpepVias=",
        "owner": "leanprover",
        "repo": "lean4",
        "rev": "92382ea47b28e4355e62aaef0222505f97377157",
        "type": "github"
      },
      "original": {
        "owner": "leanprover",
        "repo": "lean4",
        "type": "github"
      }
    },
    "lean-blake3": {
      "inputs": {
        "blake3": "blake3",
        "flake-utils": "flake-utils_4",
        "lean": "lean_2",
        "nixpkgs": "nixpkgs_5"
      },
      "locked": {
        "lastModified": 1641416380,
        "narHash": "sha256-FLyluQ4pXLnRPNIMowij1q1lIVA19KGoJVTDvuwg+2M=",
        "owner": "yatima-inc",
        "repo": "lean-blake3",
        "rev": "4df7d8b97a71c5586966a852936aa16e53fb52d8",
        "type": "github"
      },
      "original": {
        "owner": "yatima-inc",
        "repo": "lean-blake3",
        "type": "github"
      }
    },
    "lean-ipld": {
      "inputs": {
        "flake-utils": "flake-utils_3",
        "lean": [
          "lean"
        ],
        "lean-blake3": "lean-blake3",
        "lean-neptune": "lean-neptune",
        "nixpkgs": "nixpkgs_12",
        "utils": "utils_2"
      },
      "locked": {
        "lastModified": 1641871971,
        "narHash": "sha256-wXTtvsw1KZ1d4DB7Up33uxWjN2ifHlXwQ+bOcZxFUVQ=",
        "owner": "yatima-inc",
        "repo": "lean-ipld",
        "rev": "e5b6ef751191a24a23285dbd3adbacf64ac86673",
        "type": "github"
      },
      "original": {
        "owner": "yatima-inc",
        "repo": "lean-ipld",
        "type": "github"
      }
    },
    "lean-neptune": {
      "inputs": {
        "flake-utils": "flake-utils_6",
        "lean": "lean_3",
        "naersk": "naersk",
        "nixpkgs": "nixpkgs_9",
        "utils": "utils"
      },
      "locked": {
        "lastModified": 1641471935,
        "narHash": "sha256-b9/yrRipTfhm/EtqOjEQvf413+Jw+zgYpARWg77lnrQ=",
        "owner": "yatima-inc",
        "repo": "lean-neptune",
        "rev": "178a55fbe80db9258a3289563d67d3d9743c791a",
        "type": "github"
      },
      "original": {
        "owner": "yatima-inc",
        "repo": "lean-neptune",
        "type": "github"
      }
    },
    "lean-stage0": {
      "locked": {
        "lastModified": 0,
        "narHash": "sha256-3K/43lSW4WIHNG+HHVKCD1odS63mHuaQ4ueHyTIkcls=",
        "owner": "leanprover",
        "repo": "lean4",
        "rev": "0000000000000000000000000000000000000000",
        "type": "github"
      },
      "original": {
        "owner": "leanprover",
        "repo": "lean4",
        "type": "github"
      }
    },
    "lean-stage0_2": {
      "locked": {
        "lastModified": 0,
        "narHash": "sha256-3K/43lSW4WIHNG+HHVKCD1odS63mHuaQ4ueHyTIkcls=",
        "owner": "leanprover",
        "repo": "lean4",
        "rev": "0000000000000000000000000000000000000000",
        "type": "github"
      },
      "original": {
        "owner": "leanprover",
        "repo": "lean4",
        "type": "github"
      }
    },
    "lean-stage0_3": {
      "locked": {
        "lastModified": 0,
        "narHash": "sha256-3K/43lSW4WIHNG+HHVKCD1odS63mHuaQ4ueHyTIkcls=",
        "owner": "leanprover",
        "repo": "lean4",
        "rev": "0000000000000000000000000000000000000000",
        "type": "github"
      },
      "original": {
        "owner": "leanprover",
        "repo": "lean4",
        "type": "github"
      }
    },
    "lean4-mode": {
      "flake": false,
      "locked": {
        "lastModified": 1647694750,
        "narHash": "sha256-0rV61KhevG9IAjZDN2Ts2VS65fiUAPAezbf282u7yy8=",
        "owner": "leanprover",
        "repo": "lean4-mode",
        "rev": "c016c7aeee92564836355083664c49ed57024427",
        "type": "github"
      },
      "original": {
        "owner": "leanprover",
        "repo": "lean4-mode",
        "type": "github"
      }
    },
    "lean4-mode_2": {
      "flake": false,
      "locked": {
        "lastModified": 1647694750,
        "narHash": "sha256-0rV61KhevG9IAjZDN2Ts2VS65fiUAPAezbf282u7yy8=",
        "owner": "leanprover",
        "repo": "lean4-mode",
        "rev": "c016c7aeee92564836355083664c49ed57024427",
        "type": "github"
      },
      "original": {
        "owner": "leanprover",
        "repo": "lean4-mode",
        "type": "github"
      }
    },
    "lean4-mode_3": {
      "flake": false,
      "locked": {
        "lastModified": 1647694750,
        "narHash": "sha256-0rV61KhevG9IAjZDN2Ts2VS65fiUAPAezbf282u7yy8=",
        "owner": "leanprover",
        "repo": "lean4-mode",
        "rev": "c016c7aeee92564836355083664c49ed57024427",
        "type": "github"
      },
      "original": {
        "owner": "leanprover",
        "repo": "lean4-mode",
        "type": "github"
      }
    },
    "lean_2": {
      "inputs": {
        "flake-utils": "flake-utils_5",
        "lean-stage0": "lean-stage0_2",
        "lean4-mode": "lean4-mode_2",
        "nix": "nix_2",
        "nixpkgs": "nixpkgs_4",
        "temci": "temci_2"
      },
      "locked": {
        "lastModified": 1648817598,
        "narHash": "sha256-n3o4goP4aqnICAf12H0EnFTk5Too7eAIErcBpepVias=",
        "owner": "leanprover",
        "repo": "lean4",
        "rev": "92382ea47b28e4355e62aaef0222505f97377157",
        "type": "github"
      },
      "original": {
        "owner": "leanprover",
        "repo": "lean4",
        "type": "github"
      }
    },
    "lean_3": {
      "inputs": {
        "flake-utils": "flake-utils_7",
        "lean-stage0": "lean-stage0_3",
        "lean4-mode": "lean4-mode_3",
        "nix": "nix_3",
        "nixpkgs": "nixpkgs_7",
        "temci": "temci_3"
      },
      "locked": {
        "lastModified": 1648817598,
        "narHash": "sha256-n3o4goP4aqnICAf12H0EnFTk5Too7eAIErcBpepVias=",
        "owner": "leanprover",
        "repo": "lean4",
        "rev": "92382ea47b28e4355e62aaef0222505f97377157",
        "type": "github"
      },
      "original": {
        "owner": "leanprover",
        "repo": "lean4",
        "type": "github"
      }
    },
    "lowdown-src": {
      "flake": false,
      "locked": {
        "lastModified": 1633514407,
        "narHash": "sha256-Dw32tiMjdK9t3ETl5fzGrutQTzh2rufgZV4A/BbxuD4=",
        "owner": "kristapsdz",
        "repo": "lowdown",
        "rev": "d2c2b44ff6c27b936ec27358a2653caaef8f73b8",
        "type": "github"
      },
      "original": {
        "owner": "kristapsdz",
        "repo": "lowdown",
        "type": "github"
      }
    },
    "lowdown-src_2": {
      "flake": false,
      "locked": {
        "lastModified": 1633514407,
        "narHash": "sha256-Dw32tiMjdK9t3ETl5fzGrutQTzh2rufgZV4A/BbxuD4=",
        "owner": "kristapsdz",
        "repo": "lowdown",
        "rev": "d2c2b44ff6c27b936ec27358a2653caaef8f73b8",
        "type": "github"
      },
      "original": {
        "owner": "kristapsdz",
        "repo": "lowdown",
        "type": "github"
      }
    },
    "lowdown-src_3": {
      "flake": false,
      "locked": {
        "lastModified": 1633514407,
        "narHash": "sha256-Dw32tiMjdK9t3ETl5fzGrutQTzh2rufgZV4A/BbxuD4=",
        "owner": "kristapsdz",
        "repo": "lowdown",
        "rev": "d2c2b44ff6c27b936ec27358a2653caaef8f73b8",
        "type": "github"
      },
      "original": {
        "owner": "kristapsdz",
        "repo": "lowdown",
        "type": "github"
      }
    },
    "naersk": {
      "inputs": {
        "nixpkgs": "nixpkgs_8"
      },
      "locked": {
        "lastModified": 1639947939,
        "narHash": "sha256-pGsM8haJadVP80GFq4xhnSpNitYNQpaXk4cnA796Cso=",
        "owner": "nix-community",
        "repo": "naersk",
        "rev": "2fc8ce9d3c025d59fee349c1f80be9785049d653",
        "type": "github"
      },
      "original": {
        "owner": "nix-community",
        "repo": "naersk",
        "type": "github"
      }
    },
    "naersk_2": {
      "inputs": {
        "nixpkgs": "nixpkgs_10"
      },
      "locked": {
        "lastModified": 1637576998,
        "narHash": "sha256-bGQ66hh4Dl78T9bd1pqdp6fprHMCkrkeKqED6sDUYqo=",
        "owner": "yatima-inc",
        "repo": "naersk",
        "rev": "b043f2447a4a761529254f4983cacd94b034a122",
        "type": "github"
      },
      "original": {
        "owner": "yatima-inc",
        "repo": "naersk",
        "type": "github"
      }
    },
    "naersk_3": {
      "inputs": {
        "nixpkgs": "nixpkgs_13"
      },
      "locked": {
        "lastModified": 1618844365,
        "narHash": "sha256-Z9t0rr+5OG/ru3jdg3jivfYVU4ydV/nqt8UwIut7uHs=",
        "owner": "yatima-inc",
        "repo": "naersk",
        "rev": "32e3ba39d9d83098b13720a4384bdda191dd0445",
        "type": "github"
      },
      "original": {
        "owner": "yatima-inc",
        "repo": "naersk",
        "type": "github"
      }
    },
    "nix": {
      "inputs": {
        "lowdown-src": "lowdown-src",
        "nixpkgs": "nixpkgs",
        "nixpkgs-regression": "nixpkgs-regression"
      },
      "locked": {
        "lastModified": 1648022028,
        "narHash": "sha256-HtwmifW6STPcym+3uJ4YavgTKTYVIoiQHg3f0wXOm+Q=",
        "owner": "NixOS",
        "repo": "nix",
        "rev": "98ce1a21b7d959c5575fac566c8699e91703a9f7",
        "type": "github"
      },
      "original": {
        "owner": "NixOS",
        "repo": "nix",
        "type": "github"
      }
    },
    "nix_2": {
      "inputs": {
        "lowdown-src": "lowdown-src_2",
        "nixpkgs": "nixpkgs_3",
        "nixpkgs-regression": "nixpkgs-regression_2"
      },
      "locked": {
        "lastModified": 1648022028,
        "narHash": "sha256-HtwmifW6STPcym+3uJ4YavgTKTYVIoiQHg3f0wXOm+Q=",
        "owner": "NixOS",
        "repo": "nix",
        "rev": "98ce1a21b7d959c5575fac566c8699e91703a9f7",
        "type": "github"
      },
      "original": {
        "owner": "NixOS",
        "repo": "nix",
        "type": "github"
      }
    },
    "nix_3": {
      "inputs": {
        "lowdown-src": "lowdown-src_3",
        "nixpkgs": "nixpkgs_6",
        "nixpkgs-regression": "nixpkgs-regression_3"
      },
      "locked": {
        "lastModified": 1648022028,
        "narHash": "sha256-HtwmifW6STPcym+3uJ4YavgTKTYVIoiQHg3f0wXOm+Q=",
        "owner": "NixOS",
        "repo": "nix",
        "rev": "98ce1a21b7d959c5575fac566c8699e91703a9f7",
        "type": "github"
      },
      "original": {
        "owner": "NixOS",
        "repo": "nix",
        "type": "github"
      }
    },
    "nixpkgs": {
      "locked": {
        "lastModified": 1632864508,
        "narHash": "sha256-d127FIvGR41XbVRDPVvozUPQ/uRHbHwvfyKHwEt5xFM=",
        "owner": "NixOS",
        "repo": "nixpkgs",
        "rev": "82891b5e2c2359d7e58d08849e4c89511ab94234",
        "type": "github"
      },
      "original": {
        "id": "nixpkgs",
        "ref": "nixos-21.05-small",
        "type": "indirect"
      }
    },
    "nixpkgs-regression": {
      "locked": {
        "lastModified": 1643052045,
        "narHash": "sha256-uGJ0VXIhWKGXxkeNnq4TvV3CIOkUJ3PAoLZ3HMzNVMw=",
        "owner": "NixOS",
        "repo": "nixpkgs",
        "rev": "215d4d0fd80ca5163643b03a33fde804a29cc1e2",
        "type": "github"
      },
      "original": {
        "id": "nixpkgs",
        "rev": "215d4d0fd80ca5163643b03a33fde804a29cc1e2",
        "type": "indirect"
      }
    },
    "nixpkgs-regression_2": {
      "locked": {
        "lastModified": 1643052045,
        "narHash": "sha256-uGJ0VXIhWKGXxkeNnq4TvV3CIOkUJ3PAoLZ3HMzNVMw=",
        "owner": "NixOS",
        "repo": "nixpkgs",
        "rev": "215d4d0fd80ca5163643b03a33fde804a29cc1e2",
        "type": "github"
      },
      "original": {
        "id": "nixpkgs",
        "rev": "215d4d0fd80ca5163643b03a33fde804a29cc1e2",
        "type": "indirect"
      }
    },
    "nixpkgs-regression_3": {
      "locked": {
        "lastModified": 1643052045,
        "narHash": "sha256-uGJ0VXIhWKGXxkeNnq4TvV3CIOkUJ3PAoLZ3HMzNVMw=",
        "owner": "NixOS",
        "repo": "nixpkgs",
        "rev": "215d4d0fd80ca5163643b03a33fde804a29cc1e2",
        "type": "github"
      },
      "original": {
        "id": "nixpkgs",
        "rev": "215d4d0fd80ca5163643b03a33fde804a29cc1e2",
        "type": "indirect"
      }
    },
    "nixpkgs_10": {
      "locked": {
        "lastModified": 1648219316,
        "narHash": "sha256-Ctij+dOi0ZZIfX5eMhgwugfvB+WZSrvVNAyAuANOsnQ=",
        "owner": "NixOS",
        "repo": "nixpkgs",
        "rev": "30d3d79b7d3607d56546dd2a6b49e156ba0ec634",
        "type": "github"
      },
      "original": {
        "id": "nixpkgs",
        "type": "indirect"
      }
    },
    "nixpkgs_11": {
      "locked": {
        "lastModified": 1648819225,
        "narHash": "sha256-7zWOh2zfbq2/Rikct4F8XJVGP4iaM1jHvgAVbSiT36g=",
        "owner": "nixos",
        "repo": "nixpkgs",
        "rev": "d625c265e32eea6a9600d28122383ef7cd0cb0a1",
        "type": "github"
      },
      "original": {
        "owner": "nixos",
        "repo": "nixpkgs",
        "type": "github"
      }
    },
    "nixpkgs_12": {
      "locked": {
        "lastModified": 1641229786,
        "narHash": "sha256-WPPcLNbVu6ryj772GooUpF285LOvRHdOo/UNJgPnFYI=",
        "owner": "nixos",
        "repo": "nixpkgs",
        "rev": "88579effa7e88c25087faf6de6388d0cd1738dc0",
        "type": "github"
      },
      "original": {
        "owner": "nixos",
        "ref": "nixos-21.05",
        "repo": "nixpkgs",
        "type": "github"
      }
    },
    "nixpkgs_13": {
      "locked": {
        "lastModified": 1641463613,
        "narHash": "sha256-xZN9igqdZvnhSeTx8OlGby/OaYQHwgXVrBrPW0gLEh8=",
        "owner": "NixOS",
        "repo": "nixpkgs",
        "rev": "77fda7f672726e1a95c8cd200f27bccfc86c870b",
        "type": "github"
      },
      "original": {
        "id": "nixpkgs",
        "type": "indirect"
      }
    },
    "nixpkgs_14": {
      "locked": {
        "lastModified": 1633960889,
        "narHash": "sha256-n2ro1V23pxOogRx7DcupwQ0Wu3KWzeygQmvrLgLmJm0=",
        "owner": "nixos",
        "repo": "nixpkgs",
        "rev": "316effbc595ef657bcc1f81d4550bccd022ebbea",
        "type": "github"
      },
      "original": {
        "owner": "nixos",
        "repo": "nixpkgs",
        "type": "github"
      }
    },
    "nixpkgs_15": {
      "locked": {
        "lastModified": 1648648646,
        "narHash": "sha256-pHAq/GvsP7zRHkUTCs+4d31C0IEtTIuC6/TFASIA+zg=",
        "owner": "nixos",
        "repo": "nixpkgs",
        "rev": "efea022d6fe0da84aa6613d4ddeafb80de713457",
        "type": "github"
      },
      "original": {
        "owner": "nixos",
        "ref": "nixos-21.11",
        "repo": "nixpkgs",
        "type": "github"
      }
    },
    "nixpkgs_16": {
      "locked": {
        "lastModified": 1648648646,
        "narHash": "sha256-pHAq/GvsP7zRHkUTCs+4d31C0IEtTIuC6/TFASIA+zg=",
        "owner": "nixos",
        "repo": "nixpkgs",
        "rev": "efea022d6fe0da84aa6613d4ddeafb80de713457",
        "type": "github"
      },
      "original": {
        "owner": "nixos",
        "ref": "nixos-21.11",
        "repo": "nixpkgs",
        "type": "github"
      }
    },
    "nixpkgs_2": {
      "locked": {
        "lastModified": 1647350163,
        "narHash": "sha256-OcMI+PFEHTONthXuEQNddt16Ml7qGvanL3x8QOl2Aao=",
        "owner": "NixOS",
        "repo": "nixpkgs",
        "rev": "3eb07eeafb52bcbf02ce800f032f18d666a9498d",
        "type": "github"
      },
      "original": {
        "owner": "NixOS",
        "ref": "nixpkgs-unstable",
        "repo": "nixpkgs",
        "type": "github"
      }
    },
    "nixpkgs_3": {
      "locked": {
        "lastModified": 1632864508,
        "narHash": "sha256-d127FIvGR41XbVRDPVvozUPQ/uRHbHwvfyKHwEt5xFM=",
        "owner": "NixOS",
        "repo": "nixpkgs",
        "rev": "82891b5e2c2359d7e58d08849e4c89511ab94234",
        "type": "github"
      },
      "original": {
        "id": "nixpkgs",
        "ref": "nixos-21.05-small",
        "type": "indirect"
      }
    },
    "nixpkgs_4": {
      "locked": {
        "lastModified": 1647350163,
        "narHash": "sha256-OcMI+PFEHTONthXuEQNddt16Ml7qGvanL3x8QOl2Aao=",
        "owner": "NixOS",
        "repo": "nixpkgs",
        "rev": "3eb07eeafb52bcbf02ce800f032f18d666a9498d",
        "type": "github"
      },
      "original": {
        "owner": "NixOS",
        "ref": "nixpkgs-unstable",
        "repo": "nixpkgs",
        "type": "github"
      }
    },
    "nixpkgs_5": {
      "locked": {
        "lastModified": 1645296114,
        "narHash": "sha256-y53N7TyIkXsjMpOG7RhvqJFGDacLs9HlyHeSTBioqYU=",
        "owner": "nixos",
        "repo": "nixpkgs",
        "rev": "530a53dcbc9437363471167a5e4762c5fcfa34a1",
        "type": "github"
      },
      "original": {
        "owner": "nixos",
        "ref": "nixos-21.05",
        "repo": "nixpkgs",
        "type": "github"
      }
    },
    "nixpkgs_6": {
      "locked": {
        "lastModified": 1632864508,
        "narHash": "sha256-d127FIvGR41XbVRDPVvozUPQ/uRHbHwvfyKHwEt5xFM=",
        "owner": "NixOS",
        "repo": "nixpkgs",
        "rev": "82891b5e2c2359d7e58d08849e4c89511ab94234",
        "type": "github"
      },
      "original": {
        "id": "nixpkgs",
        "ref": "nixos-21.05-small",
        "type": "indirect"
      }
    },
    "nixpkgs_7": {
      "locked": {
        "lastModified": 1647350163,
        "narHash": "sha256-OcMI+PFEHTONthXuEQNddt16Ml7qGvanL3x8QOl2Aao=",
        "owner": "NixOS",
        "repo": "nixpkgs",
        "rev": "3eb07eeafb52bcbf02ce800f032f18d666a9498d",
        "type": "github"
      },
      "original": {
        "owner": "NixOS",
        "ref": "nixpkgs-unstable",
        "repo": "nixpkgs",
        "type": "github"
      }
    },
    "nixpkgs_8": {
      "locked": {
        "lastModified": 1648219316,
        "narHash": "sha256-Ctij+dOi0ZZIfX5eMhgwugfvB+WZSrvVNAyAuANOsnQ=",
        "owner": "NixOS",
        "repo": "nixpkgs",
        "rev": "30d3d79b7d3607d56546dd2a6b49e156ba0ec634",
        "type": "github"
      },
      "original": {
        "id": "nixpkgs",
        "type": "indirect"
      }
    },
    "nixpkgs_9": {
      "locked": {
        "lastModified": 1645296114,
        "narHash": "sha256-y53N7TyIkXsjMpOG7RhvqJFGDacLs9HlyHeSTBioqYU=",
        "owner": "nixos",
        "repo": "nixpkgs",
        "rev": "530a53dcbc9437363471167a5e4762c5fcfa34a1",
        "type": "github"
      },
      "original": {
        "owner": "nixos",
        "ref": "nixos-21.05",
        "repo": "nixpkgs",
        "type": "github"
      }
    },
    "parsec": {
      "inputs": {
        "flake-utils": "flake-utils_10",
        "lean": [
          "lean"
        ],
        "nixpkgs": "nixpkgs_16"
      },
      "locked": {
        "lastModified": 1648822304,
        "narHash": "sha256-zZa2bTzd20FvisOJzMOPpsUGSSZaVAUKAtQTRiknWdA=",
        "owner": "yatima-inc",
        "repo": "Parsec.lean",
        "rev": "585e5b7674bfbf80e91b80812719907e4d1ccb9d",
        "type": "github"
      },
      "original": {
        "owner": "yatima-inc",
        "repo": "Parsec.lean",
        "type": "github"
      }
    },
    "root": {
      "inputs": {
        "flake-utils": "flake-utils",
        "lean": "lean",
        "lean-ipld": "lean-ipld",
        "nixpkgs": "nixpkgs_15",
        "parsec": "parsec"
      }
    },
    "temci": {
      "flake": false,
      "locked": {
        "lastModified": 1638195132,
        "narHash": "sha256-1DSg4Qr5h54wLrKpZfpkArhFXDFLdO57PiYUMk+7FSc=",
        "owner": "parttimenerd",
        "repo": "temci",
        "rev": "a8d78cb52c248f1ae3f2469bbd0916b14ac9ea84",
        "type": "github"
      },
      "original": {
        "owner": "parttimenerd",
        "repo": "temci",
        "type": "github"
      }
    },
    "temci_2": {
      "flake": false,
      "locked": {
        "lastModified": 1638195132,
        "narHash": "sha256-1DSg4Qr5h54wLrKpZfpkArhFXDFLdO57PiYUMk+7FSc=",
        "owner": "parttimenerd",
        "repo": "temci",
        "rev": "a8d78cb52c248f1ae3f2469bbd0916b14ac9ea84",
        "type": "github"
      },
      "original": {
        "owner": "parttimenerd",
        "repo": "temci",
        "type": "github"
      }
    },
    "temci_3": {
      "flake": false,
      "locked": {
        "lastModified": 1638195132,
        "narHash": "sha256-1DSg4Qr5h54wLrKpZfpkArhFXDFLdO57PiYUMk+7FSc=",
        "owner": "parttimenerd",
        "repo": "temci",
        "rev": "a8d78cb52c248f1ae3f2469bbd0916b14ac9ea84",
        "type": "github"
      },
      "original": {
        "owner": "parttimenerd",
        "repo": "temci",
        "type": "github"
      }
    },
    "utils": {
      "inputs": {
        "flake-utils": "flake-utils_8",
        "naersk": "naersk_2",
        "nixpkgs": "nixpkgs_11"
      },
      "locked": {
        "lastModified": 1648465689,
        "narHash": "sha256-uLj4w3Fed3cEC3tLvYOi869/n0+bkHLiNpAuZO+ozjY=",
        "owner": "yatima-inc",
        "repo": "nix-utils",
        "rev": "f946f004282a29e83778135de1c2e54ffb60a97d",
        "type": "github"
      },
      "original": {
        "owner": "yatima-inc",
        "repo": "nix-utils",
        "type": "github"
      }
    },
    "utils_2": {
      "inputs": {
        "flake-utils": "flake-utils_9",
        "naersk": "naersk_3",
        "nixpkgs": "nixpkgs_14"
      },
      "locked": {
        "lastModified": 1638966113,
        "narHash": "sha256-0xH1+2FxKm02tny4AsArtN2xHdjN637spCsar7ks7ZM=",
        "owner": "yatima-inc",
        "repo": "nix-utils",
        "rev": "8dc43e9ede4af7d9f25512a453a9631fb4259ef0",
        "type": "github"
      },
      "original": {
        "owner": "yatima-inc",
        "repo": "nix-utils",
        "type": "github"
      }
    }
  },
  "root": "root",
  "version": 7
}
